
Microsoft Visual Studio Solution File, Format Version 12.00
# Visual Studio Version 16
VisualStudioVersion = 16.0.30204.135
MinimumVisualStudioVersion = 10.0.40219.1
Project("{FAE04EC0-301F-11D3-BF4B-00C04F79EFBC}") = "dockertraining_fernado_castellanos", "dockertraining_fernado_castellanos\dockertraining_fernado_castellanos.csproj", "{7D989C7C-39F1-47A0-98EC-B5EF2CA8ED66}"
EndProject
Global
	GlobalSection(SolutionConfigurationPlatforms) = preSolution
		Debug|Any CPU = Debug|Any CPU
		Release|Any CPU = Release|Any CPU
	EndGlobalSection
	GlobalSection(ProjectConfigurationPlatforms) = postSolution
		{7D989C7C-39F1-47A0-98EC-B5EF2CA8ED66}.Debug|Any CPU.ActiveCfg = Debug|Any CPU
		{7D989C7C-39F1-47A0-98EC-B5EF2CA8ED66}.Debug|Any CPU.Build.0 = Debug|Any CPU
		{7D989C7C-39F1-47A0-98EC-B5EF2CA8ED66}.Release|Any CPU.ActiveCfg = Release|Any CPU
		{7D989C7C-39F1-47A0-98EC-B5EF2CA8ED66}.Release|Any CPU.Build.0 = Release|Any CPU
	EndGlobalSection
	GlobalSection(SolutionProperties) = preSolution
		HideSolutionNode = FALSE
	EndGlobalSection
	GlobalSection(ExtensibilityGlobals) = postSolution
		SolutionGuid = {ED27599A-9CAE-41F9-B7C6-AB36F58AB082}
	EndGlobalSection
EndGlobal
